// !$*UTF8*$!
{
	archiveVersion = 1;
	classes = {
	};
	objectVersion = 46;
	objects = {

/* Begin PBXBuildFile section */
		1492338D1B967CDC000ABA2A /* main.m in Sources */ = {isa = PBXBuildFile; fileRef = 1492338C1B967CDB000ABA2A /* main.m */; };
		149233901B967CDC000ABA2A /* AppDelegate.m in Sources */ = {isa = PBXBuildFile; fileRef = 1492338F1B967CDC000ABA2A /* AppDelegate.m */; };
		149233931B967CDC000ABA2A /* ViewController.m in Sources */ = {isa = PBXBuildFile; fileRef = 149233921B967CDC000ABA2A /* ViewController.m */; };
		149233961B967CDC000ABA2A /* Main.storyboard in Resources */ = {isa = PBXBuildFile; fileRef = 149233941B967CDC000ABA2A /* Main.storyboard */; };
		149233981B967CDC000ABA2A /* Images.xcassets in Resources */ = {isa = PBXBuildFile; fileRef = 149233971B967CDC000ABA2A /* Images.xcassets */; };
		1492339B1B967CDC000ABA2A /* LaunchScreen.xib in Resources */ = {isa = PBXBuildFile; fileRef = 149233991B967CDC000ABA2A /* LaunchScreen.xib */; };
		149233A71B967CDC000ABA2A /* Zhe800_FACETests.m in Sources */ = {isa = PBXBuildFile; fileRef = 149233A61B967CDC000ABA2A /* Zhe800_FACETests.m */; };
/* End PBXBuildFile section */

/* Begin PBXContainerItemProxy section */
		149233A11B967CDC000ABA2A /* PBXContainerItemProxy */ = {
			isa = PBXContainerItemProxy;
			containerPortal = 1492337F1B967CDB000ABA2A /* Project object */;
			proxyType = 1;
			remoteGlobalIDString = 149233861B967CDB000ABA2A;
			remoteInfo = Zhe800_FACE;
		};
/* End PBXContainerItemProxy section */

/* Begin PBXFileReference section */
		149233871B967CDB000ABA2A /* Zhe800_FACE.app */ = {isa = PBXFileReference; explicitFileType = wrapper.application; includeInIndex = 0; path = Zhe800_FACE.app; sourceTree = BUILT_PRODUCTS_DIR; };
		1492338B1B967CDB000ABA2A /* Info.plist */ = {isa = PBXFileReference; lastKnownFileType = text.plist.xml; path = Info.plist; sourceTree = "<group>"; };
		1492338C1B967CDB000ABA2A /* main.m */ = {isa = PBXFileReference; lastKnownFileType = sourcecode.c.objc; path = main.m; sourceTree = "<group>"; };
		1492338E1B967CDC000ABA2A /* AppDelegate.h */ = {isa = PBXFileReference; lastKnownFileType = sourcecode.c.h; path = AppDelegate.h; sourceTree = "<group>"; };
		1492338F1B967CDC000ABA2A /* AppDelegate.m */ = {isa = PBXFileReference; lastKnownFileType = sourcecode.c.objc; path = AppDelegate.m; sourceTree = "<group>"; };
		149233911B967CDC000ABA2A /* ViewController.h */ = {isa = PBXFileReference; lastKnownFileType = sourcecode.c.h; path = ViewController.h; sourceTree = "<group>"; };
		149233921B967CDC000ABA2A /* ViewController.m */ = {isa = PBXFileReference; lastKnownFileType = sourcecode.c.objc; path = ViewController.m; sourceTree = "<group>"; };
		149233951B967CDC000ABA2A /* Base */ = {isa = PBXFileReference; lastKnownFileType = file.storyboard; name = Base; path = Base.lproj/Main.storyboard; sourceTree = "<group>"; };
		149233971B967CDC000ABA2A /* Images.xcassets */ = {isa = PBXFileReference; lastKnownFileType = folder.assetcatalog; path = Images.xcassets; sourceTree = "<group>"; };
		1492339A1B967CDC000ABA2A /* Base */ = {isa = PBXFileReference; lastKnownFileType = file.xib; name = Base; path = Base.lproj/LaunchScreen.xib; sourceTree = "<group>"; };
		149233A01B967CDC000ABA2A /* Zhe800_FACETests.xctest */ = {isa = PBXFileReference; explicitFileType = wrapper.cfbundle; includeInIndex = 0; path = Zhe800_FACETests.xctest; sourceTree = BUILT_PRODUCTS_DIR; };
		149233A51B967CDC000ABA2A /* Info.plist */ = {isa = PBXFileReference; lastKnownFileType = text.plist.xml; path = Info.plist; sourceTree = "<group>"; };
		149233A61B967CDC000ABA2A /* Zhe800_FACETests.m */ = {isa = PBXFileReference; lastKnownFileType = sourcecode.c.objc; path = Zhe800_FACETests.m; sourceTree = "<group>"; };
/* End PBXFileReference section */

/* Begin PBXFrameworksBuildPhase section */
		149233841B967CDB000ABA2A /* Frameworks */ = {
			isa = PBXFrameworksBuildPhase;
			buildActionMask = 2147483647;
			files = (
			);
			runOnlyForDeploymentPostprocessing = 0;
		};
		1492339D1B967CDC000ABA2A /* Frameworks */ = {
			isa = PBXFrameworksBuildPhase;
			buildActionMask = 2147483647;
			files = (
			);
			runOnlyForDeploymentPostprocessing = 0;
		};
/* End PBXFrameworksBuildPhase section */

/* Begin PBXGroup section */
		1492337E1B967CDB000ABA2A = {
			isa = PBXGroup;
			children = (
				149233891B967CDB000ABA2A /* Zhe800_FACE */,
				149233A31B967CDC000ABA2A /* Zhe800_FACETests */,
				149233881B967CDB000ABA2A /* Products */,
			);
			sourceTree = "<group>";
		};
		149233881B967CDB000ABA2A /* Products */ = {
			isa = PBXGroup;
			children = (
				149233871B967CDB000ABA2A /* Zhe800_FACE.app */,
				149233A01B967CDC000ABA2A /* Zhe800_FACETests.xctest */,
			);
			name = Products;
			sourceTree = "<group>";
		};
		149233891B967CDB000ABA2A /* Zhe800_FACE */ = {
			isa = PBXGroup;
			children = (
				1492338E1B967CDC000ABA2A /* AppDelegate.h */,
				1492338F1B967CDC000ABA2A /* AppDelegate.m */,
				149233911B967CDC000ABA2A /* ViewController.h */,
				149233921B967CDC000ABA2A /* ViewController.m */,
				149233941B967CDC000ABA2A /* Main.storyboard */,
				149233971B967CDC000ABA2A /* Images.xcassets */,
				149233991B967CDC000ABA2A /* LaunchScreen.xib */,
				1492338A1B967CDB000ABA2A /* Supporting Files */,
			);
			path = Zhe800_FACE;
			sourceTree = "<group>";
		};
		1492338A1B967CDB000ABA2A /* Supporting Files */ = {
			isa = PBXGroup;
			children = (
				1492338B1B967CDB000ABA2A /* Info.plist */,
				1492338C1B967CDB000ABA2A /* main.m */,
			);
			name = "Supporting Files";
			sourceTree = "<group>";
		};
		149233A31B967CDC000ABA2A /* Zhe800_FACETests */ = {
			isa = PBXGroup;
			children = (
				149233A61B967CDC000ABA2A /* Zhe800_FACETests.m */,
				149233A41B967CDC000ABA2A /* Supporting Files */,
			);
			path = Zhe800_FACETests;
			sourceTree = "<group>";
		};
		149233A41B967CDC000ABA2A /* Supporting Files */ = {
			isa = PBXGroup;
			children = (
				149233A51B967CDC000ABA2A /* Info.plist */,
			);
			name = "Supporting Files";
			sourceTree = "<group>";
		};
/* End PBXGroup section */

/* Begin PBXNativeTarget section */
		149233861B967CDB000ABA2A /* Zhe800_FACE */ = {
			isa = PBXNativeTarget;
			buildConfigurationList = 149233AA1B967CDC000ABA2A /* Build configuration list for PBXNativeTarget "Zhe800_FACE" */;
			buildPhases = (
				149233831B967CDB000ABA2A /* Sources */,
				149233841B967CDB000ABA2A /* Frameworks */,
				149233851B967CDB000ABA2A /* Resources */,
			);
			buildRules = (
			);
			dependencies = (
			);
			name = Zhe800_FACE;
			productName = Zhe800_FACE;
			productReference = 149233871B967CDB000ABA2A /* Zhe800_FACE.app */;
			productType = "com.apple.product-type.application";
		};
		1492339F1B967CDC000ABA2A /* Zhe800_FACETests */ = {
			isa = PBXNativeTarget;
			buildConfigurationList = 149233AD1B967CDC000ABA2A /* Build configuration list for PBXNativeTarget "Zhe800_FACETests" */;
			buildPhases = (
				1492339C1B967CDC000ABA2A /* Sources */,
				1492339D1B967CDC000ABA2A /* Frameworks */,
				1492339E1B967CDC000ABA2A /* Resources */,
			);
			buildRules = (
			);
			dependencies = (
				149233A21B967CDC000ABA2A /* PBXTargetDependency */,
			);
			name = Zhe800_FACETests;
			productName = Zhe800_FACETests;
			productReference = 149233A01B967CDC000ABA2A /* Zhe800_FACETests.xctest */;
			productType = "com.apple.product-type.bundle.unit-test";
		};
/* End PBXNativeTarget section */

/* Begin PBXProject section */
		1492337F1B967CDB000ABA2A /* Project object */ = {
			isa = PBXProject;
			attributes = {
				LastUpgradeCheck = 0640;
				ORGANIZATIONNAME = "Bing Ma";
				TargetAttributes = {
					149233861B967CDB000ABA2A = {
						CreatedOnToolsVersion = 6.4;
					};
					1492339F1B967CDC000ABA2A = {
						CreatedOnToolsVersion = 6.4;
						TestTargetID = 149233861B967CDB000ABA2A;
					};
				};
			};
			buildConfigurationList = 149233821B967CDB000ABA2A /* Build configuration list for PBXProject "Zhe800_FACE" */;
			compatibilityVersion = "Xcode 3.2";
			developmentRegion = English;
			hasScannedForEncodings = 0;
			knownRegions = (
				en,
				Base,
			);
			mainGroup = 1492337E1B967CDB000ABA2A;
			productRefGroup = 149233881B967CDB000ABA2A /* Products */;
			projectDirPath = "";
			projectRoot = "";
			targets = (
				149233861B967CDB000ABA2A /* Zhe800_FACE */,
				1492339F1B967CDC000ABA2A /* Zhe800_FACETests */,
			);
		};
/* End PBXProject section */

/* Begin PBXResourcesBuildPhase section */
		149233851B967CDB000ABA2A /* Resources */ = {
			isa = PBXResourcesBuildPhase;
			buildActionMask = 2147483647;
			files = (
				149233961B967CDC000ABA2A /* Main.storyboard in Resources */,
				1492339B1B967CDC000ABA2A /* LaunchScreen.xib in Resources */,
				149233981B967CDC000ABA2A /* Images.xcassets in Resources */,
			);
			runOnlyForDeploymentPostprocessing = 0;
		};
		1492339E1B967CDC000ABA2A /* Resources */ = {
			isa = PBXResourcesBuildPhase;
			buildActionMask = 2147483647;
			files = (
			);
			runOnlyForDeploymentPostprocessing = 0;
		};
/* End PBXResourcesBuildPhase section */

/* Begin PBXSourcesBuildPhase section */
		149233831B967CDB000ABA2A /* Sources */ = {
			isa = PBXSourcesBuildPhase;
			buildActionMask = 2147483647;
			files = (
				149233931B967CDC000ABA2A /* ViewController.m in Sources */,
				149233901B967CDC000ABA2A /* AppDelegate.m in Sources */,
				1492338D1B967CDC000ABA2A /* main.m in Sources */,
			);
			runOnlyForDeploymentPostprocessing = 0;
		};
		1492339C1B967CDC000ABA2A /* Sources */ = {
			isa = PBXSourcesBuildPhase;
			buildActionMask = 2147483647;
			files = (
				149233A71B967CDC000ABA2A /* Zhe800_FACETests.m in Sources */,
			);
			runOnlyForDeploymentPostprocessing = 0;
		};
/* End PBXSourcesBuildPhase section */

/* Begin PBXTargetDependency section */
		149233A21B967CDC000ABA2A /* PBXTargetDependency */ = {
			isa = PBXTargetDependency;
			target = 149233861B967CDB000ABA2A /* Zhe800_FACE */;
			targetProxy = 149233A11B967CDC000ABA2A /* PBXContainerItemProxy */;
		};
/* End PBXTargetDependency section */

/* Begin PBXVariantGroup section */
		149233941B967CDC000ABA2A /* Main.storyboard */ = {
			isa = PBXVariantGroup;
			children = (
				149233951B967CDC000ABA2A /* Base */,
			);
			name = Main.storyboard;
			sourceTree = "<group>";
		};
		149233991B967CDC000ABA2A /* LaunchScreen.xib */ = {
			isa = PBXVariantGroup;
			children = (
				1492339A1B967CDC000ABA2A /* Base */,
			);
			name = LaunchScreen.xib;
			sourceTree = "<group>";
		};
/* End PBXVariantGroup section */

/* Begin XCBuildConfiguration section */
		149233A81B967CDC000ABA2A /* Debug */ = {
			isa = XCBuildConfiguration;
			buildSettings = {
				ALWAYS_SEARCH_USER_PATHS = NO;
				CLANG_CXX_LANGUAGE_STANDARD = "gnu++0x";
				CLANG_CXX_LIBRARY = "libc++";
				CLANG_ENABLE_MODULES = YES;
				CLANG_ENABLE_OBJC_ARC = YES;
				CLANG_WARN_BOOL_CONVERSION = YES;
				CLANG_WARN_CONSTANT_CONVERSION = YES;
				CLANG_WARN_DIRECT_OBJC_ISA_USAGE = YES_ERROR;
				CLANG_WARN_EMPTY_BODY = YES;
				CLANG_WARN_ENUM_CONVERSION = YES;
				CLANG_WARN_INT_CONVERSION = YES;
				CLANG_WARN_OBJC_ROOT_CLASS = YES_ERROR;
				CLANG_WARN_UNREACHABLE_CODE = YES;
				CLANG_WARN__DUPLICATE_METHOD_MATCH = YES;
				"CODE_SIGN_IDENTITY[sdk=iphoneos*]" = "iPhone Developer";
				COPY_PHASE_STRIP = NO;
				DEBUG_INFORMATION_FORMAT = "dwarf-with-dsym";
				ENABLE_STRICT_OBJC_MSGSEND = YES;
				GCC_C_LANGUAGE_STANDARD = gnu99;
				GCC_DYNAMIC_NO_PIC = NO;
				GCC_NO_COMMON_BLOCKS = YES;
				GCC_OPTIMIZATION_LEVEL = 0;
				GCC_PREPROCESSOR_DEFINITIONS = (
					"DEBUG=1",
					"$(inherited)",
				);
				GCC_SYMBOLS_PRIVATE_EXTERN = NO;
				GCC_WARN_64_TO_32_BIT_CONVERSION = YES;
				GCC_WARN_ABOUT_RETURN_TYPE = YES_ERROR;
				GCC_WARN_UNDECLARED_SELECTOR = YES;
				GCC_WARN_UNINITIALIZED_AUTOS = YES_AGGRESSIVE;
				GCC_WARN_UNUSED_FUNCTION = YES;
				GCC_WARN_UNUSED_VARIABLE = YES;
				IPHONEOS_DEPLOYMENT_TARGET = 8.4;
				MTL_ENABLE_DEBUG_INFO = YES;
				ONLY_ACTIVE_ARCH = YES;
				SDKROOT = iphoneos;
			};
			name = Debug;
		};
		149233A91B967CDC000ABA2A /* Release */ = {
			isa = XCBuildConfiguration;
			buildSettings = {
				ALWAYS_SEARCH_USER_PATHS = NO;
				CLANG_CXX_LANGUAGE_STANDARD = "gnu++0x";
				CLANG_CXX_LIBRARY = "libc++";
				CLANG_ENABLE_MODULES = YES;
				CLANG_ENABLE_OBJC_ARC = YES;
				CLANG_WARN_BOOL_CONVERSION = YES;
				CLANG_WARN_CONSTANT_CONVERSION = YES;
				CLANG_WARN_DIRECT_OBJC_ISA_USAGE = YES_ERROR;
				CLANG_WARN_EMPTY_BODY = YES;
				CLANG_WARN_ENUM_CONVERSION = YES;
				CLANG_WARN_INT_CONVERSION = YES;
				CLANG_WARN_OBJC_ROOT_CLASS = YES_ERROR;
				CLANG_WARN_UNREACHABLE_CODE = YES;
				CLANG_WARN__DUPLICATE_METHOD_MATCH = YES;
				"CODE_SIGN_IDENTITY[sdk=iphoneos*]" = "iPhone Developer";
				COPY_PHASE_STRIP = NO;
				DEBUG_INFORMATION_FORMAT = "dwarf-with-dsym";
				ENABLE_NS_ASSERTIONS = NO;
				ENABLE_STRICT_OBJC_MSGSEND = YES;
				GCC_C_LANGUAGE_STANDARD = gnu99;
				GCC_NO_COMMON_BLOCKS = YES;
				GCC_WARN_64_TO_32_BIT_CONVERSION = YES;
				GCC_WARN_ABOUT_RETURN_TYPE = YES_ERROR;
				GCC_WARN_UNDECLARED_SELECTOR = YES;
				GCC_WARN_UNINITIALIZED_AUTOS = YES_AGGRESSIVE;
				GCC_WARN_UNUSED_FUNCTION = YES;
				GCC_WARN_UNUSED_VARIABLE = YES;
				IPHONEOS_DEPLOYMENT_TARGET = 8.4;
				MTL_ENABLE_DEBUG_INFO = NO;
				SDKROOT = iphoneos;
				VALIDATE_PRODUCT = YES;
			};
			name = Release;
		};
		149233AB1B967CDC000ABA2A /* Debug */ = {
			isa = XCBuildConfiguration;
			buildSettings = {
				ASSETCATALOG_COMPILER_APPICON_NAME = AppIcon;
				INFOPLIST_FILE = Zhe800_FACE/Info.plist;
				LD_RUNPATH_SEARCH_PATHS = "$(inherited) @executable_path/Frameworks";
				PRODUCT_NAME = "$(TARGET_NAME)";
			};
			name = Debug;
		};
		149233AC1B967CDC000ABA2A /* Release */ = {
			isa = XCBuildConfiguration;
			buildSettings = {
				ASSETCATALOG_COMPILER_APPICON_NAME = AppIcon;
				INFOPLIST_FILE = Zhe800_FACE/Info.plist;
				LD_RUNPATH_SEARCH_PATHS = "$(inherited) @executable_path/Frameworks";
				PRODUCT_NAME = "$(TARGET_NAME)";
			};
			name = Release;
		};
		149233AE1B967CDC000ABA2A /* Debug */ = {
			isa = XCBuildConfiguration;
			buildSettings = {
				BUNDLE_LOADER = "$(TEST_HOST)";
				FRAMEWORK_SEARCH_PATHS = (
					"$(SDKROOT)/Developer/Library/Frameworks",
					"$(inherited)",
				);
				GCC_PREPROCESSOR_DEFINITIONS = (
					"DEBUG=1",
					"$(inherited)",
				);
				INFOPLIST_FILE = Zhe800_FACETests/Info.plist;
				LD_RUNPATH_SEARCH_PATHS = "$(inherited) @executable_path/Frameworks @loader_path/Frameworks";
				PRODUCT_NAME = "$(TARGET_NAME)";
				TEST_HOST = "$(BUILT_PRODUCTS_DIR)/Zhe800_FACE.app/Zhe800_FACE";
			};
			name = Debug;
		};
		149233AF1B967CDC000ABA2A /* Release */ = {
			isa = XCBuildConfiguration;
			buildSettings = {
				BUNDLE_LOADER = "$(TEST_HOST)";
				FRAMEWORK_SEARCH_PATHS = (
					"$(SDKROOT)/Developer/Library/Frameworks",
					"$(inherited)",
				);
				INFOPLIST_FILE = Zhe800_FACETests/Info.plist;
				LD_RUNPATH_SEARCH_PATHS = "$(inherited) @executable_path/Frameworks @loader_path/Frameworks";
				PRODUCT_NAME = "$(TARGET_NAME)";
				TEST_HOST = "$(BUILT_PRODUCTS_DIR)/Zhe800_FACE.app/Zhe800_FACE";
			};
			name = Release;
		};
/* End XCBuildConfiguration section */

/* Begin XCConfigurationList section */
		149233821B967CDB000ABA2A /* Build configuration list for PBXProject "Zhe800_FACE" */ = {
			isa = XCConfigurationList;
			buildConfigurations = (
				149233A81B967CDC000ABA2A /* Debug */,
				149233A91B967CDC000ABA2A /* Release */,
			);
			defaultConfigurationIsVisible = 0;
			defaultConfigurationName = Release;
		};
		149233AA1B967CDC000ABA2A /* Build configuration list for PBXNativeTarget "Zhe800_FACE" */ = {
			isa = XCConfigurationList;
			buildConfigurations = (
				149233AB1B967CDC000ABA2A /* Debug */,
				149233AC1B967CDC000ABA2A /* Release */,
			);
			defaultConfigurationIsVisible = 0;
		};
		149233AD1B967CDC000ABA2A /* Build configuration list for PBXNativeTarget "Zhe800_FACETests" */ = {
			isa = XCConfigurationList;
			buildConfigurations = (
				149233AE1B967CDC000ABA2A /* Debug */,
				149233AF1B967CDC000ABA2A /* Release */,
			);
			defaultConfigurationIsVisible = 0;
		};
/* End XCConfigurationList section */
	};
	rootObject = 1492337F1B967CDB000ABA2A /* Project object */;
}
